
Microsoft Visual Studio Solution File, Format Version 12.00
# Visual Studio Version 16
VisualStudioVersion = 16.0.32126.315
MinimumVisualStudioVersion = 10.0.40219.1
Project("{FAE04EC0-301F-11D3-BF4B-00C04F79EFBC}") = "WMI", "WMI.csproj", "{C77CE942-74A0-4CE5-9E6A-C56B5C725507}"
EndProject
Global
	GlobalSection(SolutionConfigurationPlatforms) = preSolution
		Debug|Any CPU = Debug|Any CPU
		Release|Any CPU = Release|Any CPU
	EndGlobalSection
	GlobalSection(ProjectConfigurationPlatforms) = postSolution
		{C77CE942-74A0-4CE5-9E6A-C56B5C725507}.Debug|Any CPU.ActiveCfg = Debug|Any CPU
		{C77CE942-74A0-4CE5-9E6A-C56B5C725507}.Debug|Any CPU.Build.0 = Debug|Any CPU
		{C77CE942-74A0-4CE5-9E6A-C56B5C725507}.Release|Any CPU.ActiveCfg = Release|Any CPU
		{C77CE942-74A0-4CE5-9E6A-C56B5C725507}.Release|Any CPU.Build.0 = Release|Any CPU
	EndGlobalSection
	GlobalSection(SolutionProperties) = preSolution
		HideSolutionNode = FALSE
	EndGlobalSection
	GlobalSection(ExtensibilityGlobals) = postSolution
		SolutionGuid = {95EAACEC-A748-4A8B-9184-206D4857D662}
	EndGlobalSection
EndGlobal
